
Microsoft Visual Studio Solution File, Format Version 12.00
# Visual Studio Version 16
VisualStudioVersion = 16.0.32929.386
MinimumVisualStudioVersion = 10.0.40219.1
Project("{FAE04EC0-301F-11D3-BF4B-00C04F79EFBC}") = "etiyoBackend", "etiyoBackend.csproj", "{4E57FDC1-975C-4B74-A5F1-676E0DEE3D51}"
EndProject
Global
	GlobalSection(SolutionConfigurationPlatforms) = preSolution
		Debug|Any CPU = Debug|Any CPU
		Release|Any CPU = Release|Any CPU
	EndGlobalSection
	GlobalSection(ProjectConfigurationPlatforms) = postSolution
		{4E57FDC1-975C-4B74-A5F1-676E0DEE3D51}.Debug|Any CPU.ActiveCfg = Debug|Any CPU
		{4E57FDC1-975C-4B74-A5F1-676E0DEE3D51}.Debug|Any CPU.Build.0 = Debug|Any CPU
		{4E57FDC1-975C-4B74-A5F1-676E0DEE3D51}.Release|Any CPU.ActiveCfg = Release|Any CPU
		{4E57FDC1-975C-4B74-A5F1-676E0DEE3D51}.Release|Any CPU.Build.0 = Release|Any CPU
	EndGlobalSection
	GlobalSection(SolutionProperties) = preSolution
		HideSolutionNode = FALSE
	EndGlobalSection
	GlobalSection(ExtensibilityGlobals) = postSolution
		SolutionGuid = {9A51DB5D-BC69-4FCC-AC3D-7711B91866ED}
	EndGlobalSection
EndGlobal
